
Microsoft Visual Studio Solution File, Format Version 12.00
# Visual Studio Version 17
VisualStudioVersion = 17.2.32630.192
MinimumVisualStudioVersion = 10.0.40219.1
Project("{FAE04EC0-301F-11D3-BF4B-00C04F79EFBC}") = "Homework13", "Homework13\Homework13.csproj", "{7714B2DF-6308-44E8-9DF4-B4C589BF36A7}"
EndProject
Global
	GlobalSection(SolutionConfigurationPlatforms) = preSolution
		Debug|Any CPU = Debug|Any CPU
		Release|Any CPU = Release|Any CPU
	EndGlobalSection
	GlobalSection(ProjectConfigurationPlatforms) = postSolution
		{7714B2DF-6308-44E8-9DF4-B4C589BF36A7}.Debug|Any CPU.ActiveCfg = Debug|Any CPU
		{7714B2DF-6308-44E8-9DF4-B4C589BF36A7}.Debug|Any CPU.Build.0 = Debug|Any CPU
		{7714B2DF-6308-44E8-9DF4-B4C589BF36A7}.Release|Any CPU.ActiveCfg = Release|Any CPU
		{7714B2DF-6308-44E8-9DF4-B4C589BF36A7}.Release|Any CPU.Build.0 = Release|Any CPU
	EndGlobalSection
	GlobalSection(SolutionProperties) = preSolution
		HideSolutionNode = FALSE
	EndGlobalSection
	GlobalSection(ExtensibilityGlobals) = postSolution
		SolutionGuid = {18AB4010-9A40-42B9-976F-F6508C5C7F59}
	EndGlobalSection
EndGlobal
