
Microsoft Visual Studio Solution File, Format Version 12.00
# Visual Studio Version 17
VisualStudioVersion = 17.2.32630.192
MinimumVisualStudioVersion = 10.0.40219.1
Project("{9A19103F-16F7-4668-BE54-9A1E7A4F7556}") = "Homework7_fraction", "Homework7_\Homework7_fraction.csproj", "{8255DA61-0E52-44CD-8C65-F13756E38209}"
EndProject
Global
	GlobalSection(SolutionConfigurationPlatforms) = preSolution
		Debug|Any CPU = Debug|Any CPU
		Release|Any CPU = Release|Any CPU
	EndGlobalSection
	GlobalSection(ProjectConfigurationPlatforms) = postSolution
		{8255DA61-0E52-44CD-8C65-F13756E38209}.Debug|Any CPU.ActiveCfg = Debug|Any CPU
		{8255DA61-0E52-44CD-8C65-F13756E38209}.Debug|Any CPU.Build.0 = Debug|Any CPU
		{8255DA61-0E52-44CD-8C65-F13756E38209}.Release|Any CPU.ActiveCfg = Release|Any CPU
		{8255DA61-0E52-44CD-8C65-F13756E38209}.Release|Any CPU.Build.0 = Release|Any CPU
	EndGlobalSection
	GlobalSection(SolutionProperties) = preSolution
		HideSolutionNode = FALSE
	EndGlobalSection
	GlobalSection(ExtensibilityGlobals) = postSolution
		SolutionGuid = {0A576CB6-E55A-4F21-A0A8-C5C4BAF30B47}
	EndGlobalSection
EndGlobal
